schema: '2.0'
stages:
  data_ingestion:
    cmd: python src/cnnClassifier/pipeline/stage_01_data_ingestion.py
    deps:
    - path: config/config.yaml
      hash: md5
      md5: bd9e6352e5ce5329bc64becac66b8a28
      size: 643
    - path: src/cnnClassifier/pipeline/stage_01_data_ingestion.py
      hash: md5
      md5: 6f1191303d8c8dd4ecc795899eeea1f7
      size: 963
    outs:
    - path: artifacts/data_ingestion/data/Chest-CT-Scan-data
      hash: md5
      md5: 904fa45d934ce879b3b1933dca6cb2f1.dir
      size: 49247431
      nfiles: 343
  prepare_base_model:
    cmd: python src/cnnClassifier/pipeline/stage_02_prepare_base_model.py
    deps:
    - path: config/config.yaml
      hash: md5
      md5: bd9e6352e5ce5329bc64becac66b8a28
      size: 643
    - path: src/cnnClassifier/pipeline/stage_02_prepare_base_model.py
      hash: md5
      md5: 212fe52c7d7740de197ed2166b3b613b
      size: 993
    params:
      params.yaml:
        CLASSES: 2
        IMAGE_SIZE:
        - 224
        - 224
        - 3
        INCLUDE_TOP: false
        LEARNING_RATE: 0.01
        WEIGHTS: imagenet
    outs:
    - path: artifacts/prepare_base_model
      hash: md5
      md5: 3fed521c26227f9662b78e0720c4c8a0.dir
      size: 118054560
      nfiles: 2
  training:
    cmd: python src/cnnClassifier/pipeline/stage_03_model_trainer.py
    deps:
    - path: artifacts/data_ingestion/data/Chest-CT-Scan-data
      hash: md5
      md5: 904fa45d934ce879b3b1933dca6cb2f1.dir
      size: 49247431
      nfiles: 343
    - path: artifacts/prepare_base_model
      hash: md5
      md5: 3fed521c26227f9662b78e0720c4c8a0.dir
      size: 118054560
      nfiles: 2
    - path: config/config.yaml
      hash: md5
      md5: bd9e6352e5ce5329bc64becac66b8a28
      size: 643
    - path: src/cnnClassifier/pipeline/stage_03_model_trainer.py
      hash: md5
      md5: dc3555f9fa1014cae5d92cb88da5a64d
      size: 932
    params:
      params.yaml:
        AUGMENTATION: true
        BATCH_SIZE: 16
        EPOCHS: 10
        IMAGE_SIZE:
        - 224
        - 224
        - 3
    outs:
    - path: artifacts/training/model.h5
      hash: md5
      md5: ad3ffbcb743b864a8e3a0d7eef7dca71
      size: 59337520
  evaluation:
    cmd: python src/cnnClassifier/pipeline/stage_04_model_evaluation.py
    deps:
    - path: artifacts/data_ingestion/data/Chest-CT-Scan-data
      hash: md5
      md5: 904fa45d934ce879b3b1933dca6cb2f1.dir
      size: 49247431
      nfiles: 343
    - path: artifacts/training/model.h5
      hash: md5
      md5: ad3ffbcb743b864a8e3a0d7eef7dca71
      size: 59337520
    - path: config/config.yaml
      hash: md5
      md5: bd9e6352e5ce5329bc64becac66b8a28
      size: 643
    - path: src/cnnClassifier/pipeline/stage_04_model_evaluation.py
      hash: md5
      md5: 0d35feeeb7389761091ae751889c801b
      size: 921
    params:
      params.yaml:
        BATCH_SIZE: 16
        IMAGE_SIZE:
        - 224
        - 224
        - 3
    outs:
    - path: scores.json
      hash: md5
      md5: d65eddea82a98165a1865047d3a533bc
      size: 73
